
Microsoft Visual Studio Solution File, Format Version 12.00
# Visual Studio Version 16
VisualStudioVersion = 16.0.33927.289
MinimumVisualStudioVersion = 10.0.40219.1
Project("{2150E333-8FDC-42A3-9474-1A3956D46DE8}") = "Task0", "Task0", "{1F8B2443-CC19-4DD9-9535-9ABCF8D2DA00}"
EndProject
Project("{FAE04EC0-301F-11D3-BF4B-00C04F79EFBC}") = "Tyuiu.ZakharovaYV.Sprint1.Task0", "Tyuiu.ZakharovaYV.Sprint1.Task0\Tyuiu.ZakharovaYV.Sprint1.Task0.csproj", "{BD56CCDD-636F-418A-A8A0-0947BC01D077}"
EndProject
Project("{FAE04EC0-301F-11D3-BF4B-00C04F79EFBC}") = "Tyuiu.ZakharovaYV.Sprint1.Task0.Lib", "Tyuiu.ZakharovaYV.Sprint1.Task0.Lib\Tyuiu.ZakharovaYV.Sprint1.Task0.Lib.csproj", "{637652CE-5194-41B7-9126-AC81B3CE2334}"
EndProject
Project("{FAE04EC0-301F-11D3-BF4B-00C04F79EFBC}") = "Tyuiu.ZakharovaYV.Sprint1.Task0.Test", "Tyuiu.ZakharovaYV.Sprint1.Task0.Test\Tyuiu.ZakharovaYV.Sprint1.Task0.Test.csproj", "{C5A92FF6-86DF-4862-8BE2-432E8708AB58}"
EndProject
Project("{2150E333-8FDC-42A3-9474-1A3956D46DE8}") = "Task1", "Task1", "{8D9B7DDF-7F19-4661-9607-C6A080C056F7}"
EndProject
Project("{FAE04EC0-301F-11D3-BF4B-00C04F79EFBC}") = "Tyuiu.ZakharovaYV.Sprint1.Task1", "Tyuiu.ZakharovaYV.Sprint1.Task1\Tyuiu.ZakharovaYV.Sprint1.Task1.csproj", "{D033CC48-060F-4471-B835-2D750B00041A}"
EndProject
Project("{FAE04EC0-301F-11D3-BF4B-00C04F79EFBC}") = "Tyuiu.ZakharovaYV.Sprint1.Task1.Lib", "Tyuiu.ZakharovaYV.Sprint1.Task1.Lib\Tyuiu.ZakharovaYV.Sprint1.Task1.Lib.csproj", "{32996918-F312-41D8-9810-CCD7A718441F}"
EndProject
Project("{FAE04EC0-301F-11D3-BF4B-00C04F79EFBC}") = "Tyuiu.ZakharovaYV.Sprint1.Task1.Test", "Tyuiu.ZakharovaYV.Sprint1.Task1.Test\Tyuiu.ZakharovaYV.Sprint1.Task1.Test.csproj", "{D9A6739E-0ABE-460C-8C57-DBE350A1270F}"
EndProject
Project("{2150E333-8FDC-42A3-9474-1A3956D46DE8}") = "Task2", "Task2", "{86B5ACF7-512F-407D-BA31-845E446FDF25}"
EndProject
Project("{FAE04EC0-301F-11D3-BF4B-00C04F79EFBC}") = "Tyuiu.ZakharovaYV.Sprint1.Task2", "Tyuiu.ZakharovaYV.Sprint1.Task2\Tyuiu.ZakharovaYV.Sprint1.Task2.csproj", "{291F7843-8DD8-4262-B5E0-C417D051223A}"
EndProject
Project("{FAE04EC0-301F-11D3-BF4B-00C04F79EFBC}") = "Tyuiu.ZakharovaYV.Sprint1.Task2.Lib", "Tyuiu.ZakharovaYV.Sprint1.Task2.Lib\Tyuiu.ZakharovaYV.Sprint1.Task2.Lib.csproj", "{4388F549-8E08-4CBA-9862-D38741601CEB}"
EndProject
Project("{FAE04EC0-301F-11D3-BF4B-00C04F79EFBC}") = "Tyuiu.ZakharovaYV.Sprint1.Task2.Test", "Tyuiu.ZakharovaYV.Sprint1.Task2.Test\Tyuiu.ZakharovaYV.Sprint1.Task2.Test.csproj", "{8771D990-CF62-44CB-B1B7-FB503B7A29AA}"
EndProject
Project("{2150E333-8FDC-42A3-9474-1A3956D46DE8}") = "Task4", "Task4", "{8253D067-657C-4554-9A73-EE09A452CDA2}"
EndProject
Project("{FAE04EC0-301F-11D3-BF4B-00C04F79EFBC}") = "Tyuiu.ZakharovaYV.Sprint1.Task4.V19", "Tyuiu.ZakharovaYV.Sprint1.Task4.V19\Tyuiu.ZakharovaYV.Sprint1.Task4.V19.csproj", "{A4CDB9E1-13BF-4186-8683-D1A2CC41D6CA}"
EndProject
Project("{FAE04EC0-301F-11D3-BF4B-00C04F79EFBC}") = "Tyuiu.ZakharovaYV.Sprint1.Task4.V.Lib", "Tyuiu.ZakharovaYV.Sprint1.Task4.V19.Lib\Tyuiu.ZakharovaYV.Sprint1.Task4.V.Lib.csproj", "{1513A846-CBCC-49DA-8767-EE4E8DFC89DA}"
EndProject
Project("{FAE04EC0-301F-11D3-BF4B-00C04F79EFBC}") = "Tyuiu.ZakharovaYV.Sprint1.Task4.V7.Test", "Tyuiu.ZakharovaYV.Sprint1.Task4.V19.Test\Tyuiu.ZakharovaYV.Sprint1.Task4.V7.Test.csproj", "{1E2AF520-41B9-4995-A423-0F0CDD67C0D4}"
EndProject
Project("{2150E333-8FDC-42A3-9474-1A3956D46DE8}") = "Task3", "Task3", "{288B9D36-4E67-4B6F-A868-45A35D5B53E5}"
EndProject
Project("{FAE04EC0-301F-11D3-BF4B-00C04F79EFBC}") = "Tyuiu.ZakharovaYV.Sprint1.Task3", "Tyuiu.ZakharovaYV.Sprint1.Task3\Tyuiu.ZakharovaYV.Sprint1.Task3.csproj", "{D7D7E2D1-0459-4AB7-BF31-4BA5CD1A0F2F}"
EndProject
Project("{FAE04EC0-301F-11D3-BF4B-00C04F79EFBC}") = "Tyuiu.ZakharovaYV.Sprint1.Task3.Test", "Tyuiu.ZakharovaYV.Sprint1.Task3.Test\Tyuiu.ZakharovaYV.Sprint1.Task3.Test.csproj", "{ED80AB50-A64A-4650-AA9E-501EA139DFBA}"
EndProject
Project("{FAE04EC0-301F-11D3-BF4B-00C04F79EFBC}") = "Tyuiu.ZakharovaYV.Sprint1.Task3.Lib", "Tyuiu.ZakharovaYV.Sprint1.Task3.Lib\Tyuiu.ZakharovaYV.Sprint1.Task3.Lib.csproj", "{FB6E2783-0D04-4C5A-8C0A-4533DFE886FF}"
EndProject
Project("{2150E333-8FDC-42A3-9474-1A3956D46DE8}") = "Task5", "Task5", "{756B9DB7-5C7D-4097-8C2B-12FDD96E463C}"
EndProject
Project("{FAE04EC0-301F-11D3-BF4B-00C04F79EFBC}") = "Tyuiu.ZakharovaYV.Sprint1.Task5", "Tyuiu.ZakharovaYV.Sprint1.Task5\Tyuiu.ZakharovaYV.Sprint1.Task5.csproj", "{39F4F4F4-29F0-43D3-B6F3-572E3B73180F}"
EndProject
Project("{FAE04EC0-301F-11D3-BF4B-00C04F79EFBC}") = "Tyuiu.ZakharovaYV.Sprint1.Task5.Lib", "Tyuiu.ZakharovaYV.Sprint1.Task5.Lib\Tyuiu.ZakharovaYV.Sprint1.Task5.Lib.csproj", "{32AC32F8-5D07-4957-B71A-732477975DB5}"
EndProject
Project("{FAE04EC0-301F-11D3-BF4B-00C04F79EFBC}") = "Tyuiu.ZakharovaYV.Sprint1.Task5.Test", "Tyuiu.ZakharovaYV.Sprint1.Task5.Test\Tyuiu.ZakharovaYV.Sprint1.Task5.Test.csproj", "{E1377BFF-3F8D-4EBB-8F47-51C613C6A475}"
EndProject
Project("{2150E333-8FDC-42A3-9474-1A3956D46DE8}") = "Task6", "Task6", "{2868FA61-AAD3-48D2-B760-FFEE25975FBD}"
EndProject
Project("{FAE04EC0-301F-11D3-BF4B-00C04F79EFBC}") = "Tyuiu.ZakharovaYV.Sprint1.Task6", "Tyuiu.ZakharovaYV.Sprint1.Task6\Tyuiu.ZakharovaYV.Sprint1.Task6.csproj", "{4CDD9AFB-C433-4534-BA98-E24361021887}"
EndProject
Project("{FAE04EC0-301F-11D3-BF4B-00C04F79EFBC}") = "Tyuiu.ZakharovaYV.Sprint1.Task6.Lib", "Tyuiu.ZakharovaYV.Sprint1.Task6.Lib\Tyuiu.ZakharovaYV.Sprint1.Task6.Lib.csproj", "{865BFBF7-DD6E-4562-8441-F75E5CC9A7F1}"
EndProject
Project("{FAE04EC0-301F-11D3-BF4B-00C04F79EFBC}") = "Tyuiu.ZakharovaYV.Sprint1.Task6.Test", "Tyuiu.ZakharovaYV.Sprint1.Task6.Test\Tyuiu.ZakharovaYV.Sprint1.Task6.Test.csproj", "{CBB8A5AB-0A78-4D8D-82F3-75BD15625A32}"
EndProject
Project("{2150E333-8FDC-42A3-9474-1A3956D46DE8}") = "NewFolder1", "NewFolder1", "{7E7B7F51-8484-4D6F-9BC5-038F02B63DFF}"
EndProject
Project("{FAE04EC0-301F-11D3-BF4B-00C04F79EFBC}") = "Tyuiu.ZakharovaYV.Sprint1.Task7.V13", "Tyuiu.ZakharovaYV.Sprint1.Task7.V13\Tyuiu.ZakharovaYV.Sprint1.Task7.V13.csproj", "{942863BF-F5CC-4AC5-B706-78A494AC84D3}"
EndProject
Project("{FAE04EC0-301F-11D3-BF4B-00C04F79EFBC}") = "Tyuiu.ZakharovaYV.Sprint1.Task7.V13.Test", "Tyuiu.ZakharovaYV.Sprint1.Task7.V13.Test\Tyuiu.ZakharovaYV.Sprint1.Task7.V13.Test.csproj", "{070D989F-EB32-422A-961B-377A4E13C34A}"
EndProject
Project("{FAE04EC0-301F-11D3-BF4B-00C04F79EFBC}") = "Tyuiu.ZakharovaYV.Sprint1.Task7.V13.Lib", "Tyuiu.ZakharovaYV.Sprint1.Task7.V13.Lib\Tyuiu.ZakharovaYV.Sprint1.Task7.V13.Lib.csproj", "{935F895B-8405-469B-89BE-F4AB618406B9}"
EndProject
Global
	GlobalSection(SolutionConfigurationPlatforms) = preSolution
		Debug|Any CPU = Debug|Any CPU
		Release|Any CPU = Release|Any CPU
	EndGlobalSection
	GlobalSection(ProjectConfigurationPlatforms) = postSolution
		{BD56CCDD-636F-418A-A8A0-0947BC01D077}.Debug|Any CPU.ActiveCfg = Debug|Any CPU
		{BD56CCDD-636F-418A-A8A0-0947BC01D077}.Debug|Any CPU.Build.0 = Debug|Any CPU
		{BD56CCDD-636F-418A-A8A0-0947BC01D077}.Release|Any CPU.ActiveCfg = Release|Any CPU
		{BD56CCDD-636F-418A-A8A0-0947BC01D077}.Release|Any CPU.Build.0 = Release|Any CPU
		{637652CE-5194-41B7-9126-AC81B3CE2334}.Debug|Any CPU.ActiveCfg = Debug|Any CPU
		{637652CE-5194-41B7-9126-AC81B3CE2334}.Debug|Any CPU.Build.0 = Debug|Any CPU
		{637652CE-5194-41B7-9126-AC81B3CE2334}.Release|Any CPU.ActiveCfg = Release|Any CPU
		{637652CE-5194-41B7-9126-AC81B3CE2334}.Release|Any CPU.Build.0 = Release|Any CPU
		{C5A92FF6-86DF-4862-8BE2-432E8708AB58}.Debug|Any CPU.ActiveCfg = Debug|Any CPU
		{C5A92FF6-86DF-4862-8BE2-432E8708AB58}.Debug|Any CPU.Build.0 = Debug|Any CPU
		{C5A92FF6-86DF-4862-8BE2-432E8708AB58}.Release|Any CPU.ActiveCfg = Release|Any CPU
		{C5A92FF6-86DF-4862-8BE2-432E8708AB58}.Release|Any CPU.Build.0 = Release|Any CPU
		{D033CC48-060F-4471-B835-2D750B00041A}.Debug|Any CPU.ActiveCfg = Debug|Any CPU
		{D033CC48-060F-4471-B835-2D750B00041A}.Debug|Any CPU.Build.0 = Debug|Any CPU
		{D033CC48-060F-4471-B835-2D750B00041A}.Release|Any CPU.ActiveCfg = Release|Any CPU
		{D033CC48-060F-4471-B835-2D750B00041A}.Release|Any CPU.Build.0 = Release|Any CPU
		{32996918-F312-41D8-9810-CCD7A718441F}.Debug|Any CPU.ActiveCfg = Debug|Any CPU
		{32996918-F312-41D8-9810-CCD7A718441F}.Debug|Any CPU.Build.0 = Debug|Any CPU
		{32996918-F312-41D8-9810-CCD7A718441F}.Release|Any CPU.ActiveCfg = Release|Any CPU
		{32996918-F312-41D8-9810-CCD7A718441F}.Release|Any CPU.Build.0 = Release|Any CPU
		{D9A6739E-0ABE-460C-8C57-DBE350A1270F}.Debug|Any CPU.ActiveCfg = Debug|Any CPU
		{D9A6739E-0ABE-460C-8C57-DBE350A1270F}.Debug|Any CPU.Build.0 = Debug|Any CPU
		{D9A6739E-0ABE-460C-8C57-DBE350A1270F}.Release|Any CPU.ActiveCfg = Release|Any CPU
		{D9A6739E-0ABE-460C-8C57-DBE350A1270F}.Release|Any CPU.Build.0 = Release|Any CPU
		{291F7843-8DD8-4262-B5E0-C417D051223A}.Debug|Any CPU.ActiveCfg = Debug|Any CPU
		{291F7843-8DD8-4262-B5E0-C417D051223A}.Debug|Any CPU.Build.0 = Debug|Any CPU
		{291F7843-8DD8-4262-B5E0-C417D051223A}.Release|Any CPU.ActiveCfg = Release|Any CPU
		{291F7843-8DD8-4262-B5E0-C417D051223A}.Release|Any CPU.Build.0 = Release|Any CPU
		{4388F549-8E08-4CBA-9862-D38741601CEB}.Debug|Any CPU.ActiveCfg = Debug|Any CPU
		{4388F549-8E08-4CBA-9862-D38741601CEB}.Debug|Any CPU.Build.0 = Debug|Any CPU
		{4388F549-8E08-4CBA-9862-D38741601CEB}.Release|Any CPU.ActiveCfg = Release|Any CPU
		{4388F549-8E08-4CBA-9862-D38741601CEB}.Release|Any CPU.Build.0 = Release|Any CPU
		{8771D990-CF62-44CB-B1B7-FB503B7A29AA}.Debug|Any CPU.ActiveCfg = Debug|Any CPU
		{8771D990-CF62-44CB-B1B7-FB503B7A29AA}.Debug|Any CPU.Build.0 = Debug|Any CPU
		{8771D990-CF62-44CB-B1B7-FB503B7A29AA}.Release|Any CPU.ActiveCfg = Release|Any CPU
		{8771D990-CF62-44CB-B1B7-FB503B7A29AA}.Release|Any CPU.Build.0 = Release|Any CPU
		{A4CDB9E1-13BF-4186-8683-D1A2CC41D6CA}.Debug|Any CPU.ActiveCfg = Debug|Any CPU
		{A4CDB9E1-13BF-4186-8683-D1A2CC41D6CA}.Debug|Any CPU.Build.0 = Debug|Any CPU
		{A4CDB9E1-13BF-4186-8683-D1A2CC41D6CA}.Release|Any CPU.ActiveCfg = Release|Any CPU
		{A4CDB9E1-13BF-4186-8683-D1A2CC41D6CA}.Release|Any CPU.Build.0 = Release|Any CPU
		{1513A846-CBCC-49DA-8767-EE4E8DFC89DA}.Debug|Any CPU.ActiveCfg = Debug|Any CPU
		{1513A846-CBCC-49DA-8767-EE4E8DFC89DA}.Debug|Any CPU.Build.0 = Debug|Any CPU
		{1513A846-CBCC-49DA-8767-EE4E8DFC89DA}.Release|Any CPU.ActiveCfg = Release|Any CPU
		{1513A846-CBCC-49DA-8767-EE4E8DFC89DA}.Release|Any CPU.Build.0 = Release|Any CPU
		{1E2AF520-41B9-4995-A423-0F0CDD67C0D4}.Debug|Any CPU.ActiveCfg = Debug|Any CPU
		{1E2AF520-41B9-4995-A423-0F0CDD67C0D4}.Debug|Any CPU.Build.0 = Debug|Any CPU
		{1E2AF520-41B9-4995-A423-0F0CDD67C0D4}.Release|Any CPU.ActiveCfg = Release|Any CPU
		{1E2AF520-41B9-4995-A423-0F0CDD67C0D4}.Release|Any CPU.Build.0 = Release|Any CPU
		{D7D7E2D1-0459-4AB7-BF31-4BA5CD1A0F2F}.Debug|Any CPU.ActiveCfg = Debug|Any CPU
		{D7D7E2D1-0459-4AB7-BF31-4BA5CD1A0F2F}.Debug|Any CPU.Build.0 = Debug|Any CPU
		{D7D7E2D1-0459-4AB7-BF31-4BA5CD1A0F2F}.Release|Any CPU.ActiveCfg = Release|Any CPU
		{D7D7E2D1-0459-4AB7-BF31-4BA5CD1A0F2F}.Release|Any CPU.Build.0 = Release|Any CPU
		{ED80AB50-A64A-4650-AA9E-501EA139DFBA}.Debug|Any CPU.ActiveCfg = Debug|Any CPU
		{ED80AB50-A64A-4650-AA9E-501EA139DFBA}.Debug|Any CPU.Build.0 = Debug|Any CPU
		{ED80AB50-A64A-4650-AA9E-501EA139DFBA}.Release|Any CPU.ActiveCfg = Release|Any CPU
		{ED80AB50-A64A-4650-AA9E-501EA139DFBA}.Release|Any CPU.Build.0 = Release|Any CPU
		{FB6E2783-0D04-4C5A-8C0A-4533DFE886FF}.Debug|Any CPU.ActiveCfg = Debug|Any CPU
		{FB6E2783-0D04-4C5A-8C0A-4533DFE886FF}.Debug|Any CPU.Build.0 = Debug|Any CPU
		{FB6E2783-0D04-4C5A-8C0A-4533DFE886FF}.Release|Any CPU.ActiveCfg = Release|Any CPU
		{FB6E2783-0D04-4C5A-8C0A-4533DFE886FF}.Release|Any CPU.Build.0 = Release|Any CPU
		{39F4F4F4-29F0-43D3-B6F3-572E3B73180F}.Debug|Any CPU.ActiveCfg = Debug|Any CPU
		{39F4F4F4-29F0-43D3-B6F3-572E3B73180F}.Debug|Any CPU.Build.0 = Debug|Any CPU
		{39F4F4F4-29F0-43D3-B6F3-572E3B73180F}.Release|Any CPU.ActiveCfg = Release|Any CPU
		{39F4F4F4-29F0-43D3-B6F3-572E3B73180F}.Release|Any CPU.Build.0 = Release|Any CPU
		{32AC32F8-5D07-4957-B71A-732477975DB5}.Debug|Any CPU.ActiveCfg = Debug|Any CPU
		{32AC32F8-5D07-4957-B71A-732477975DB5}.Debug|Any CPU.Build.0 = Debug|Any CPU
		{32AC32F8-5D07-4957-B71A-732477975DB5}.Release|Any CPU.ActiveCfg = Release|Any CPU
		{32AC32F8-5D07-4957-B71A-732477975DB5}.Release|Any CPU.Build.0 = Release|Any CPU
		{E1377BFF-3F8D-4EBB-8F47-51C613C6A475}.Debug|Any CPU.ActiveCfg = Debug|Any CPU
		{E1377BFF-3F8D-4EBB-8F47-51C613C6A475}.Debug|Any CPU.Build.0 = Debug|Any CPU
		{E1377BFF-3F8D-4EBB-8F47-51C613C6A475}.Release|Any CPU.ActiveCfg = Release|Any CPU
		{E1377BFF-3F8D-4EBB-8F47-51C613C6A475}.Release|Any CPU.Build.0 = Release|Any CPU
		{4CDD9AFB-C433-4534-BA98-E24361021887}.Debug|Any CPU.ActiveCfg = Debug|Any CPU
		{4CDD9AFB-C433-4534-BA98-E24361021887}.Debug|Any CPU.Build.0 = Debug|Any CPU
		{4CDD9AFB-C433-4534-BA98-E24361021887}.Release|Any CPU.ActiveCfg = Release|Any CPU
		{4CDD9AFB-C433-4534-BA98-E24361021887}.Release|Any CPU.Build.0 = Release|Any CPU
		{865BFBF7-DD6E-4562-8441-F75E5CC9A7F1}.Debug|Any CPU.ActiveCfg = Debug|Any CPU
		{865BFBF7-DD6E-4562-8441-F75E5CC9A7F1}.Debug|Any CPU.Build.0 = Debug|Any CPU
		{865BFBF7-DD6E-4562-8441-F75E5CC9A7F1}.Release|Any CPU.ActiveCfg = Release|Any CPU
		{865BFBF7-DD6E-4562-8441-F75E5CC9A7F1}.Release|Any CPU.Build.0 = Release|Any CPU
		{CBB8A5AB-0A78-4D8D-82F3-75BD15625A32}.Debug|Any CPU.ActiveCfg = Debug|Any CPU
		{CBB8A5AB-0A78-4D8D-82F3-75BD15625A32}.Debug|Any CPU.Build.0 = Debug|Any CPU
		{CBB8A5AB-0A78-4D8D-82F3-75BD15625A32}.Release|Any CPU.ActiveCfg = Release|Any CPU
		{CBB8A5AB-0A78-4D8D-82F3-75BD15625A32}.Release|Any CPU.Build.0 = Release|Any CPU
		{942863BF-F5CC-4AC5-B706-78A494AC84D3}.Debug|Any CPU.ActiveCfg = Debug|Any CPU
		{942863BF-F5CC-4AC5-B706-78A494AC84D3}.Debug|Any CPU.Build.0 = Debug|Any CPU
		{942863BF-F5CC-4AC5-B706-78A494AC84D3}.Release|Any CPU.ActiveCfg = Release|Any CPU
		{942863BF-F5CC-4AC5-B706-78A494AC84D3}.Release|Any CPU.Build.0 = Release|Any CPU
		{070D989F-EB32-422A-961B-377A4E13C34A}.Debug|Any CPU.ActiveCfg = Debug|Any CPU
		{070D989F-EB32-422A-961B-377A4E13C34A}.Debug|Any CPU.Build.0 = Debug|Any CPU
		{070D989F-EB32-422A-961B-377A4E13C34A}.Release|Any CPU.ActiveCfg = Release|Any CPU
		{070D989F-EB32-422A-961B-377A4E13C34A}.Release|Any CPU.Build.0 = Release|Any CPU
		{935F895B-8405-469B-89BE-F4AB618406B9}.Debug|Any CPU.ActiveCfg = Debug|Any CPU
		{935F895B-8405-469B-89BE-F4AB618406B9}.Debug|Any CPU.Build.0 = Debug|Any CPU
		{935F895B-8405-469B-89BE-F4AB618406B9}.Release|Any CPU.ActiveCfg = Release|Any CPU
		{935F895B-8405-469B-89BE-F4AB618406B9}.Release|Any CPU.Build.0 = Release|Any CPU
	EndGlobalSection
	GlobalSection(SolutionProperties) = preSolution
		HideSolutionNode = FALSE
	EndGlobalSection
	GlobalSection(NestedProjects) = preSolution
		{BD56CCDD-636F-418A-A8A0-0947BC01D077} = {1F8B2443-CC19-4DD9-9535-9ABCF8D2DA00}
		{637652CE-5194-41B7-9126-AC81B3CE2334} = {1F8B2443-CC19-4DD9-9535-9ABCF8D2DA00}
		{C5A92FF6-86DF-4862-8BE2-432E8708AB58} = {1F8B2443-CC19-4DD9-9535-9ABCF8D2DA00}
		{D033CC48-060F-4471-B835-2D750B00041A} = {8D9B7DDF-7F19-4661-9607-C6A080C056F7}
		{32996918-F312-41D8-9810-CCD7A718441F} = {8D9B7DDF-7F19-4661-9607-C6A080C056F7}
		{D9A6739E-0ABE-460C-8C57-DBE350A1270F} = {8D9B7DDF-7F19-4661-9607-C6A080C056F7}
		{291F7843-8DD8-4262-B5E0-C417D051223A} = {86B5ACF7-512F-407D-BA31-845E446FDF25}
		{4388F549-8E08-4CBA-9862-D38741601CEB} = {86B5ACF7-512F-407D-BA31-845E446FDF25}
		{8771D990-CF62-44CB-B1B7-FB503B7A29AA} = {86B5ACF7-512F-407D-BA31-845E446FDF25}
		{A4CDB9E1-13BF-4186-8683-D1A2CC41D6CA} = {8253D067-657C-4554-9A73-EE09A452CDA2}
		{1513A846-CBCC-49DA-8767-EE4E8DFC89DA} = {8253D067-657C-4554-9A73-EE09A452CDA2}
		{1E2AF520-41B9-4995-A423-0F0CDD67C0D4} = {8253D067-657C-4554-9A73-EE09A452CDA2}
		{D7D7E2D1-0459-4AB7-BF31-4BA5CD1A0F2F} = {288B9D36-4E67-4B6F-A868-45A35D5B53E5}
		{ED80AB50-A64A-4650-AA9E-501EA139DFBA} = {288B9D36-4E67-4B6F-A868-45A35D5B53E5}
		{FB6E2783-0D04-4C5A-8C0A-4533DFE886FF} = {288B9D36-4E67-4B6F-A868-45A35D5B53E5}
		{39F4F4F4-29F0-43D3-B6F3-572E3B73180F} = {756B9DB7-5C7D-4097-8C2B-12FDD96E463C}
		{32AC32F8-5D07-4957-B71A-732477975DB5} = {756B9DB7-5C7D-4097-8C2B-12FDD96E463C}
		{E1377BFF-3F8D-4EBB-8F47-51C613C6A475} = {756B9DB7-5C7D-4097-8C2B-12FDD96E463C}
		{4CDD9AFB-C433-4534-BA98-E24361021887} = {2868FA61-AAD3-48D2-B760-FFEE25975FBD}
		{865BFBF7-DD6E-4562-8441-F75E5CC9A7F1} = {2868FA61-AAD3-48D2-B760-FFEE25975FBD}
		{CBB8A5AB-0A78-4D8D-82F3-75BD15625A32} = {2868FA61-AAD3-48D2-B760-FFEE25975FBD}
		{942863BF-F5CC-4AC5-B706-78A494AC84D3} = {7E7B7F51-8484-4D6F-9BC5-038F02B63DFF}
		{070D989F-EB32-422A-961B-377A4E13C34A} = {7E7B7F51-8484-4D6F-9BC5-038F02B63DFF}
		{935F895B-8405-469B-89BE-F4AB618406B9} = {7E7B7F51-8484-4D6F-9BC5-038F02B63DFF}
	EndGlobalSection
	GlobalSection(ExtensibilityGlobals) = postSolution
		SolutionGuid = {7C7D56A0-4446-4709-99C4-384D0ECB2C91}
	EndGlobalSection
EndGlobal
