
Microsoft Visual Studio Solution File, Format Version 12.00
# Visual Studio Version 16
VisualStudioVersion = 16.0.33927.289
MinimumVisualStudioVersion = 10.0.40219.1
Project("{2150E333-8FDC-42A3-9474-1A3956D46DE8}") = "Task0", "Task0", "{1F8B2443-CC19-4DD9-9535-9ABCF8D2DA00}"
EndProject
Project("{FAE04EC0-301F-11D3-BF4B-00C04F79EFBC}") = "Tyuiu.ZakharovaYV.Sprint1.Task0.V23", "Tyuiu.ZakharovaYV.Sprint1.Task0\Tyuiu.ZakharovaYV.Sprint1.Task0.V23.csproj", "{BD56CCDD-636F-418A-A8A0-0947BC01D077}"
EndProject
Project("{FAE04EC0-301F-11D3-BF4B-00C04F79EFBC}") = "Tyuiu.ZakharovaYV.Sprint1.Task0.V23.Lib", "Tyuiu.ZakharovaYV.Sprint1.Task0.Lib\Tyuiu.ZakharovaYV.Sprint1.Task0.V23.Lib.csproj", "{637652CE-5194-41B7-9126-AC81B3CE2334}"
EndProject
Project("{FAE04EC0-301F-11D3-BF4B-00C04F79EFBC}") = "Tyuiu.ZakharovaYV.Sprint1.Task0.V23.Test", "Tyuiu.ZakharovaYV.Sprint1.Task0.Test\Tyuiu.ZakharovaYV.Sprint1.Task0.V23.Test.csproj", "{C5A92FF6-86DF-4862-8BE2-432E8708AB58}"
EndProject
Project("{2150E333-8FDC-42A3-9474-1A3956D46DE8}") = "Task1", "Task1", "{8D9B7DDF-7F19-4661-9607-C6A080C056F7}"
EndProject
Project("{FAE04EC0-301F-11D3-BF4B-00C04F79EFBC}") = "Tyuiu.ZakharovaYV.Sprint1.Task1.V16", "Tyuiu.ZakharovaYV.Sprint1.Task1\Tyuiu.ZakharovaYV.Sprint1.Task1.V16.csproj", "{D033CC48-060F-4471-B835-2D750B00041A}"
EndProject
Project("{FAE04EC0-301F-11D3-BF4B-00C04F79EFBC}") = "Tyuiu.ZakharovaYV.Sprint1.Task1.V16.Lib", "Tyuiu.ZakharovaYV.Sprint1.Task1.Lib\Tyuiu.ZakharovaYV.Sprint1.Task1.V16.Lib.csproj", "{32996918-F312-41D8-9810-CCD7A718441F}"
EndProject
Project("{FAE04EC0-301F-11D3-BF4B-00C04F79EFBC}") = "Tyuiu.ZakharovaYV.Sprint1.Task1.V16.Test", "Tyuiu.ZakharovaYV.Sprint1.Task1.Test\Tyuiu.ZakharovaYV.Sprint1.Task1.V16.Test.csproj", "{D9A6739E-0ABE-460C-8C57-DBE350A1270F}"
EndProject
Project("{2150E333-8FDC-42A3-9474-1A3956D46DE8}") = "Task2", "Task2", "{86B5ACF7-512F-407D-BA31-845E446FDF25}"
EndProject
Project("{FAE04EC0-301F-11D3-BF4B-00C04F79EFBC}") = "Tyuiu.ZakharovaYV.Sprint1.Task2.V25", "Tyuiu.ZakharovaYV.Sprint1.Task2\Tyuiu.ZakharovaYV.Sprint1.Task2.V25.csproj", "{291F7843-8DD8-4262-B5E0-C417D051223A}"
EndProject
Project("{FAE04EC0-301F-11D3-BF4B-00C04F79EFBC}") = "Tyuiu.ZakharovaYV.Sprint1.Task2.V25.Lib", "Tyuiu.ZakharovaYV.Sprint1.Task2.Lib\Tyuiu.ZakharovaYV.Sprint1.Task2.V25.Lib.csproj", "{4388F549-8E08-4CBA-9862-D38741601CEB}"
EndProject
Project("{FAE04EC0-301F-11D3-BF4B-00C04F79EFBC}") = "Tyuiu.ZakharovaYV.Sprint1.Task2.V25.Test", "Tyuiu.ZakharovaYV.Sprint1.Task2.Test\Tyuiu.ZakharovaYV.Sprint1.Task2.V25.Test.csproj", "{8771D990-CF62-44CB-B1B7-FB503B7A29AA}"
EndProject
Project("{2150E333-8FDC-42A3-9474-1A3956D46DE8}") = "Task4", "Task4", "{8253D067-657C-4554-9A73-EE09A452CDA2}"
EndProject
Project("{2150E333-8FDC-42A3-9474-1A3956D46DE8}") = "Task3", "Task3", "{288B9D36-4E67-4B6F-A868-45A35D5B53E5}"
EndProject
Project("{FAE04EC0-301F-11D3-BF4B-00C04F79EFBC}") = "Tyuiu.ZakharovaYV.Sprint1.Task3.V3", "Tyuiu.ZakharovaYV.Sprint1.Task3\Tyuiu.ZakharovaYV.Sprint1.Task3.V3.csproj", "{D7D7E2D1-0459-4AB7-BF31-4BA5CD1A0F2F}"
EndProject
Project("{FAE04EC0-301F-11D3-BF4B-00C04F79EFBC}") = "Tyuiu.ZakharovaYV.Sprint1.Task3.V3.Test", "Tyuiu.ZakharovaYV.Sprint1.Task3.Test\Tyuiu.ZakharovaYV.Sprint1.Task3.V3.Test.csproj", "{ED80AB50-A64A-4650-AA9E-501EA139DFBA}"
EndProject
Project("{FAE04EC0-301F-11D3-BF4B-00C04F79EFBC}") = "Tyuiu.ZakharovaYV.Sprint1.Task3.V3.Lib", "Tyuiu.ZakharovaYV.Sprint1.Task3.Lib\Tyuiu.ZakharovaYV.Sprint1.Task3.V3.Lib.csproj", "{FB6E2783-0D04-4C5A-8C0A-4533DFE886FF}"
EndProject
Project("{2150E333-8FDC-42A3-9474-1A3956D46DE8}") = "Task5", "Task5", "{756B9DB7-5C7D-4097-8C2B-12FDD96E463C}"
EndProject
Project("{FAE04EC0-301F-11D3-BF4B-00C04F79EFBC}") = "Tyuiu.ZakharovaYV.Sprint1.Task5.V4", "Tyuiu.ZakharovaYV.Sprint1.Task5\Tyuiu.ZakharovaYV.Sprint1.Task5.V4.csproj", "{39F4F4F4-29F0-43D3-B6F3-572E3B73180F}"
EndProject
Project("{FAE04EC0-301F-11D3-BF4B-00C04F79EFBC}") = "Tyuiu.ZakharovaYV.Sprint1.Task5.V4.Lib", "Tyuiu.ZakharovaYV.Sprint1.Task5.Lib\Tyuiu.ZakharovaYV.Sprint1.Task5.V4.Lib.csproj", "{32AC32F8-5D07-4957-B71A-732477975DB5}"
EndProject
Project("{FAE04EC0-301F-11D3-BF4B-00C04F79EFBC}") = "Tyuiu.ZakharovaYV.Sprint1.Task5.V4.Test", "Tyuiu.ZakharovaYV.Sprint1.Task5.Test\Tyuiu.ZakharovaYV.Sprint1.Task5.V4.Test.csproj", "{E1377BFF-3F8D-4EBB-8F47-51C613C6A475}"
EndProject
Project("{2150E333-8FDC-42A3-9474-1A3956D46DE8}") = "Task6", "Task6", "{2868FA61-AAD3-48D2-B760-FFEE25975FBD}"
EndProject
Project("{FAE04EC0-301F-11D3-BF4B-00C04F79EFBC}") = "Tyuiu.ZakharovaYV.Sprint1.Task4.V26", "Tyuiu.ZakharovaYV.Sprint1.Task4.V26\Tyuiu.ZakharovaYV.Sprint1.Task4.V26.csproj", "{9774043F-BF4C-4095-9A15-04CE0F819EA4}"
EndProject
Project("{FAE04EC0-301F-11D3-BF4B-00C04F79EFBC}") = "Tyuiu.ZakharovaYV.Sprint1.Task4.V26.Test", "Tyuiu.ZakharovaYV.Sprint1.Task4.V26.Test\Tyuiu.ZakharovaYV.Sprint1.Task4.V26.Test.csproj", "{87EF74FF-E4F3-4812-8D5A-15F5DBD11945}"
EndProject
Project("{FAE04EC0-301F-11D3-BF4B-00C04F79EFBC}") = "Tyuiu.ZakharovaYV.Sprint1.Task4.V26.Lib", "Tyuiu.ZakharovaYV.Sprint1.Task4.V26.Lib\Tyuiu.ZakharovaYV.Sprint1.Task4.V26.Lib.csproj", "{60433808-AAEB-4714-8CC5-61DB54C15D8B}"
EndProject
Project("{FAE04EC0-301F-11D3-BF4B-00C04F79EFBC}") = "Tyuiu.ZakharovaYV.Sprint1.Task6.V14", "Tyuiu.ZakharovaYV.Sprint1.Task6.V14\Tyuiu.ZakharovaYV.Sprint1.Task6.V14.csproj", "{AF2B99DF-BD49-44C8-B771-F58574D6310C}"
EndProject
Project("{FAE04EC0-301F-11D3-BF4B-00C04F79EFBC}") = "Tyuiu.ZakharovaYV.Sprint1.Task6.V14.Test", "Tyuiu.ZakharovaYV.Sprint1.Task6.V14.Test\Tyuiu.ZakharovaYV.Sprint1.Task6.V14.Test.csproj", "{1E03161A-5A3B-4C20-B7FE-AE95849F09F5}"
EndProject
Project("{FAE04EC0-301F-11D3-BF4B-00C04F79EFBC}") = "Tyuiu.ZakharovaYV.Sprint1.Task6.V14.Lib", "Tyuiu.ZakharovaYV.Sprint1.Task6.V14.Lib\Tyuiu.ZakharovaYV.Sprint1.Task6.V14.Lib.csproj", "{F7863E0C-15A0-45E6-A9BA-F9D55705C84F}"
EndProject
Project("{2150E333-8FDC-42A3-9474-1A3956D46DE8}") = "Task7", "Task7", "{13839D18-BCF6-4128-AE6E-71E018AA1BAD}"
EndProject
Project("{FAE04EC0-301F-11D3-BF4B-00C04F79EFBC}") = "Tyuiu.ZakharovaYV.Sprint1.Task7.V2", "Tyuiu.ZakharovaYV.Sprint1.Task7.V2\Tyuiu.ZakharovaYV.Sprint1.Task7.V2.csproj", "{AD93495E-9F2F-4A21-8C38-99A6A6EF07A2}"
EndProject
Project("{FAE04EC0-301F-11D3-BF4B-00C04F79EFBC}") = "Tyuiu.ZakharovaYV.Sprint1.Task7.V2.Test", "Tyuiu.ZakharovaYV.Sprint1.Task7.V2.Test\Tyuiu.ZakharovaYV.Sprint1.Task7.V2.Test.csproj", "{8503E5C2-AC0D-48D7-AA54-177089E3EAD7}"
EndProject
Project("{FAE04EC0-301F-11D3-BF4B-00C04F79EFBC}") = "Tyuiu.ZakharovaYV.Sprint1.Task7.V2.Lib", "Tyuiu.ZakharovaYV.Sprint1.Task7.V2.Lib\Tyuiu.ZakharovaYV.Sprint1.Task7.V2.Lib.csproj", "{AFF4AF47-895D-458A-9D67-45D81A9C15AE}"
EndProject
Global
	GlobalSection(SolutionConfigurationPlatforms) = preSolution
		Debug|Any CPU = Debug|Any CPU
		Release|Any CPU = Release|Any CPU
	EndGlobalSection
	GlobalSection(ProjectConfigurationPlatforms) = postSolution
		{BD56CCDD-636F-418A-A8A0-0947BC01D077}.Debug|Any CPU.ActiveCfg = Debug|Any CPU
		{BD56CCDD-636F-418A-A8A0-0947BC01D077}.Debug|Any CPU.Build.0 = Debug|Any CPU
		{BD56CCDD-636F-418A-A8A0-0947BC01D077}.Release|Any CPU.ActiveCfg = Release|Any CPU
		{BD56CCDD-636F-418A-A8A0-0947BC01D077}.Release|Any CPU.Build.0 = Release|Any CPU
		{637652CE-5194-41B7-9126-AC81B3CE2334}.Debug|Any CPU.ActiveCfg = Debug|Any CPU
		{637652CE-5194-41B7-9126-AC81B3CE2334}.Debug|Any CPU.Build.0 = Debug|Any CPU
		{637652CE-5194-41B7-9126-AC81B3CE2334}.Release|Any CPU.ActiveCfg = Release|Any CPU
		{637652CE-5194-41B7-9126-AC81B3CE2334}.Release|Any CPU.Build.0 = Release|Any CPU
		{C5A92FF6-86DF-4862-8BE2-432E8708AB58}.Debug|Any CPU.ActiveCfg = Debug|Any CPU
		{C5A92FF6-86DF-4862-8BE2-432E8708AB58}.Debug|Any CPU.Build.0 = Debug|Any CPU
		{C5A92FF6-86DF-4862-8BE2-432E8708AB58}.Release|Any CPU.ActiveCfg = Release|Any CPU
		{C5A92FF6-86DF-4862-8BE2-432E8708AB58}.Release|Any CPU.Build.0 = Release|Any CPU
		{D033CC48-060F-4471-B835-2D750B00041A}.Debug|Any CPU.ActiveCfg = Debug|Any CPU
		{D033CC48-060F-4471-B835-2D750B00041A}.Debug|Any CPU.Build.0 = Debug|Any CPU
		{D033CC48-060F-4471-B835-2D750B00041A}.Release|Any CPU.ActiveCfg = Release|Any CPU
		{D033CC48-060F-4471-B835-2D750B00041A}.Release|Any CPU.Build.0 = Release|Any CPU
		{32996918-F312-41D8-9810-CCD7A718441F}.Debug|Any CPU.ActiveCfg = Debug|Any CPU
		{32996918-F312-41D8-9810-CCD7A718441F}.Debug|Any CPU.Build.0 = Debug|Any CPU
		{32996918-F312-41D8-9810-CCD7A718441F}.Release|Any CPU.ActiveCfg = Release|Any CPU
		{32996918-F312-41D8-9810-CCD7A718441F}.Release|Any CPU.Build.0 = Release|Any CPU
		{D9A6739E-0ABE-460C-8C57-DBE350A1270F}.Debug|Any CPU.ActiveCfg = Debug|Any CPU
		{D9A6739E-0ABE-460C-8C57-DBE350A1270F}.Debug|Any CPU.Build.0 = Debug|Any CPU
		{D9A6739E-0ABE-460C-8C57-DBE350A1270F}.Release|Any CPU.ActiveCfg = Release|Any CPU
		{D9A6739E-0ABE-460C-8C57-DBE350A1270F}.Release|Any CPU.Build.0 = Release|Any CPU
		{291F7843-8DD8-4262-B5E0-C417D051223A}.Debug|Any CPU.ActiveCfg = Debug|Any CPU
		{291F7843-8DD8-4262-B5E0-C417D051223A}.Debug|Any CPU.Build.0 = Debug|Any CPU
		{291F7843-8DD8-4262-B5E0-C417D051223A}.Release|Any CPU.ActiveCfg = Release|Any CPU
		{291F7843-8DD8-4262-B5E0-C417D051223A}.Release|Any CPU.Build.0 = Release|Any CPU
		{4388F549-8E08-4CBA-9862-D38741601CEB}.Debug|Any CPU.ActiveCfg = Debug|Any CPU
		{4388F549-8E08-4CBA-9862-D38741601CEB}.Debug|Any CPU.Build.0 = Debug|Any CPU
		{4388F549-8E08-4CBA-9862-D38741601CEB}.Release|Any CPU.ActiveCfg = Release|Any CPU
		{4388F549-8E08-4CBA-9862-D38741601CEB}.Release|Any CPU.Build.0 = Release|Any CPU
		{8771D990-CF62-44CB-B1B7-FB503B7A29AA}.Debug|Any CPU.ActiveCfg = Debug|Any CPU
		{8771D990-CF62-44CB-B1B7-FB503B7A29AA}.Debug|Any CPU.Build.0 = Debug|Any CPU
		{8771D990-CF62-44CB-B1B7-FB503B7A29AA}.Release|Any CPU.ActiveCfg = Release|Any CPU
		{8771D990-CF62-44CB-B1B7-FB503B7A29AA}.Release|Any CPU.Build.0 = Release|Any CPU
		{D7D7E2D1-0459-4AB7-BF31-4BA5CD1A0F2F}.Debug|Any CPU.ActiveCfg = Debug|Any CPU
		{D7D7E2D1-0459-4AB7-BF31-4BA5CD1A0F2F}.Debug|Any CPU.Build.0 = Debug|Any CPU
		{D7D7E2D1-0459-4AB7-BF31-4BA5CD1A0F2F}.Release|Any CPU.ActiveCfg = Release|Any CPU
		{D7D7E2D1-0459-4AB7-BF31-4BA5CD1A0F2F}.Release|Any CPU.Build.0 = Release|Any CPU
		{ED80AB50-A64A-4650-AA9E-501EA139DFBA}.Debug|Any CPU.ActiveCfg = Debug|Any CPU
		{ED80AB50-A64A-4650-AA9E-501EA139DFBA}.Debug|Any CPU.Build.0 = Debug|Any CPU
		{ED80AB50-A64A-4650-AA9E-501EA139DFBA}.Release|Any CPU.ActiveCfg = Release|Any CPU
		{ED80AB50-A64A-4650-AA9E-501EA139DFBA}.Release|Any CPU.Build.0 = Release|Any CPU
		{FB6E2783-0D04-4C5A-8C0A-4533DFE886FF}.Debug|Any CPU.ActiveCfg = Debug|Any CPU
		{FB6E2783-0D04-4C5A-8C0A-4533DFE886FF}.Debug|Any CPU.Build.0 = Debug|Any CPU
		{FB6E2783-0D04-4C5A-8C0A-4533DFE886FF}.Release|Any CPU.ActiveCfg = Release|Any CPU
		{FB6E2783-0D04-4C5A-8C0A-4533DFE886FF}.Release|Any CPU.Build.0 = Release|Any CPU
		{39F4F4F4-29F0-43D3-B6F3-572E3B73180F}.Debug|Any CPU.ActiveCfg = Debug|Any CPU
		{39F4F4F4-29F0-43D3-B6F3-572E3B73180F}.Debug|Any CPU.Build.0 = Debug|Any CPU
		{39F4F4F4-29F0-43D3-B6F3-572E3B73180F}.Release|Any CPU.ActiveCfg = Release|Any CPU
		{39F4F4F4-29F0-43D3-B6F3-572E3B73180F}.Release|Any CPU.Build.0 = Release|Any CPU
		{32AC32F8-5D07-4957-B71A-732477975DB5}.Debug|Any CPU.ActiveCfg = Debug|Any CPU
		{32AC32F8-5D07-4957-B71A-732477975DB5}.Debug|Any CPU.Build.0 = Debug|Any CPU
		{32AC32F8-5D07-4957-B71A-732477975DB5}.Release|Any CPU.ActiveCfg = Release|Any CPU
		{32AC32F8-5D07-4957-B71A-732477975DB5}.Release|Any CPU.Build.0 = Release|Any CPU
		{E1377BFF-3F8D-4EBB-8F47-51C613C6A475}.Debug|Any CPU.ActiveCfg = Debug|Any CPU
		{E1377BFF-3F8D-4EBB-8F47-51C613C6A475}.Debug|Any CPU.Build.0 = Debug|Any CPU
		{E1377BFF-3F8D-4EBB-8F47-51C613C6A475}.Release|Any CPU.ActiveCfg = Release|Any CPU
		{E1377BFF-3F8D-4EBB-8F47-51C613C6A475}.Release|Any CPU.Build.0 = Release|Any CPU
		{9774043F-BF4C-4095-9A15-04CE0F819EA4}.Debug|Any CPU.ActiveCfg = Debug|Any CPU
		{9774043F-BF4C-4095-9A15-04CE0F819EA4}.Debug|Any CPU.Build.0 = Debug|Any CPU
		{9774043F-BF4C-4095-9A15-04CE0F819EA4}.Release|Any CPU.ActiveCfg = Release|Any CPU
		{9774043F-BF4C-4095-9A15-04CE0F819EA4}.Release|Any CPU.Build.0 = Release|Any CPU
		{87EF74FF-E4F3-4812-8D5A-15F5DBD11945}.Debug|Any CPU.ActiveCfg = Debug|Any CPU
		{87EF74FF-E4F3-4812-8D5A-15F5DBD11945}.Debug|Any CPU.Build.0 = Debug|Any CPU
		{87EF74FF-E4F3-4812-8D5A-15F5DBD11945}.Release|Any CPU.ActiveCfg = Release|Any CPU
		{87EF74FF-E4F3-4812-8D5A-15F5DBD11945}.Release|Any CPU.Build.0 = Release|Any CPU
		{60433808-AAEB-4714-8CC5-61DB54C15D8B}.Debug|Any CPU.ActiveCfg = Debug|Any CPU
		{60433808-AAEB-4714-8CC5-61DB54C15D8B}.Debug|Any CPU.Build.0 = Debug|Any CPU
		{60433808-AAEB-4714-8CC5-61DB54C15D8B}.Release|Any CPU.ActiveCfg = Release|Any CPU
		{60433808-AAEB-4714-8CC5-61DB54C15D8B}.Release|Any CPU.Build.0 = Release|Any CPU
		{AF2B99DF-BD49-44C8-B771-F58574D6310C}.Debug|Any CPU.ActiveCfg = Debug|Any CPU
		{AF2B99DF-BD49-44C8-B771-F58574D6310C}.Debug|Any CPU.Build.0 = Debug|Any CPU
		{AF2B99DF-BD49-44C8-B771-F58574D6310C}.Release|Any CPU.ActiveCfg = Release|Any CPU
		{AF2B99DF-BD49-44C8-B771-F58574D6310C}.Release|Any CPU.Build.0 = Release|Any CPU
		{1E03161A-5A3B-4C20-B7FE-AE95849F09F5}.Debug|Any CPU.ActiveCfg = Debug|Any CPU
		{1E03161A-5A3B-4C20-B7FE-AE95849F09F5}.Debug|Any CPU.Build.0 = Debug|Any CPU
		{1E03161A-5A3B-4C20-B7FE-AE95849F09F5}.Release|Any CPU.ActiveCfg = Release|Any CPU
		{1E03161A-5A3B-4C20-B7FE-AE95849F09F5}.Release|Any CPU.Build.0 = Release|Any CPU
		{F7863E0C-15A0-45E6-A9BA-F9D55705C84F}.Debug|Any CPU.ActiveCfg = Debug|Any CPU
		{F7863E0C-15A0-45E6-A9BA-F9D55705C84F}.Debug|Any CPU.Build.0 = Debug|Any CPU
		{F7863E0C-15A0-45E6-A9BA-F9D55705C84F}.Release|Any CPU.ActiveCfg = Release|Any CPU
		{F7863E0C-15A0-45E6-A9BA-F9D55705C84F}.Release|Any CPU.Build.0 = Release|Any CPU
		{AD93495E-9F2F-4A21-8C38-99A6A6EF07A2}.Debug|Any CPU.ActiveCfg = Debug|Any CPU
		{AD93495E-9F2F-4A21-8C38-99A6A6EF07A2}.Debug|Any CPU.Build.0 = Debug|Any CPU
		{AD93495E-9F2F-4A21-8C38-99A6A6EF07A2}.Release|Any CPU.ActiveCfg = Release|Any CPU
		{AD93495E-9F2F-4A21-8C38-99A6A6EF07A2}.Release|Any CPU.Build.0 = Release|Any CPU
		{8503E5C2-AC0D-48D7-AA54-177089E3EAD7}.Debug|Any CPU.ActiveCfg = Debug|Any CPU
		{8503E5C2-AC0D-48D7-AA54-177089E3EAD7}.Debug|Any CPU.Build.0 = Debug|Any CPU
		{8503E5C2-AC0D-48D7-AA54-177089E3EAD7}.Release|Any CPU.ActiveCfg = Release|Any CPU
		{8503E5C2-AC0D-48D7-AA54-177089E3EAD7}.Release|Any CPU.Build.0 = Release|Any CPU
		{AFF4AF47-895D-458A-9D67-45D81A9C15AE}.Debug|Any CPU.ActiveCfg = Debug|Any CPU
		{AFF4AF47-895D-458A-9D67-45D81A9C15AE}.Debug|Any CPU.Build.0 = Debug|Any CPU
		{AFF4AF47-895D-458A-9D67-45D81A9C15AE}.Release|Any CPU.ActiveCfg = Release|Any CPU
		{AFF4AF47-895D-458A-9D67-45D81A9C15AE}.Release|Any CPU.Build.0 = Release|Any CPU
	EndGlobalSection
	GlobalSection(SolutionProperties) = preSolution
		HideSolutionNode = FALSE
	EndGlobalSection
	GlobalSection(NestedProjects) = preSolution
		{BD56CCDD-636F-418A-A8A0-0947BC01D077} = {1F8B2443-CC19-4DD9-9535-9ABCF8D2DA00}
		{637652CE-5194-41B7-9126-AC81B3CE2334} = {1F8B2443-CC19-4DD9-9535-9ABCF8D2DA00}
		{C5A92FF6-86DF-4862-8BE2-432E8708AB58} = {1F8B2443-CC19-4DD9-9535-9ABCF8D2DA00}
		{D033CC48-060F-4471-B835-2D750B00041A} = {8D9B7DDF-7F19-4661-9607-C6A080C056F7}
		{32996918-F312-41D8-9810-CCD7A718441F} = {8D9B7DDF-7F19-4661-9607-C6A080C056F7}
		{D9A6739E-0ABE-460C-8C57-DBE350A1270F} = {8D9B7DDF-7F19-4661-9607-C6A080C056F7}
		{291F7843-8DD8-4262-B5E0-C417D051223A} = {86B5ACF7-512F-407D-BA31-845E446FDF25}
		{4388F549-8E08-4CBA-9862-D38741601CEB} = {86B5ACF7-512F-407D-BA31-845E446FDF25}
		{8771D990-CF62-44CB-B1B7-FB503B7A29AA} = {86B5ACF7-512F-407D-BA31-845E446FDF25}
		{D7D7E2D1-0459-4AB7-BF31-4BA5CD1A0F2F} = {288B9D36-4E67-4B6F-A868-45A35D5B53E5}
		{ED80AB50-A64A-4650-AA9E-501EA139DFBA} = {288B9D36-4E67-4B6F-A868-45A35D5B53E5}
		{FB6E2783-0D04-4C5A-8C0A-4533DFE886FF} = {288B9D36-4E67-4B6F-A868-45A35D5B53E5}
		{39F4F4F4-29F0-43D3-B6F3-572E3B73180F} = {756B9DB7-5C7D-4097-8C2B-12FDD96E463C}
		{32AC32F8-5D07-4957-B71A-732477975DB5} = {756B9DB7-5C7D-4097-8C2B-12FDD96E463C}
		{E1377BFF-3F8D-4EBB-8F47-51C613C6A475} = {756B9DB7-5C7D-4097-8C2B-12FDD96E463C}
		{9774043F-BF4C-4095-9A15-04CE0F819EA4} = {8253D067-657C-4554-9A73-EE09A452CDA2}
		{87EF74FF-E4F3-4812-8D5A-15F5DBD11945} = {8253D067-657C-4554-9A73-EE09A452CDA2}
		{60433808-AAEB-4714-8CC5-61DB54C15D8B} = {8253D067-657C-4554-9A73-EE09A452CDA2}
		{AF2B99DF-BD49-44C8-B771-F58574D6310C} = {2868FA61-AAD3-48D2-B760-FFEE25975FBD}
		{1E03161A-5A3B-4C20-B7FE-AE95849F09F5} = {2868FA61-AAD3-48D2-B760-FFEE25975FBD}
		{F7863E0C-15A0-45E6-A9BA-F9D55705C84F} = {2868FA61-AAD3-48D2-B760-FFEE25975FBD}
		{AD93495E-9F2F-4A21-8C38-99A6A6EF07A2} = {13839D18-BCF6-4128-AE6E-71E018AA1BAD}
		{8503E5C2-AC0D-48D7-AA54-177089E3EAD7} = {13839D18-BCF6-4128-AE6E-71E018AA1BAD}
		{AFF4AF47-895D-458A-9D67-45D81A9C15AE} = {13839D18-BCF6-4128-AE6E-71E018AA1BAD}
	EndGlobalSection
	GlobalSection(ExtensibilityGlobals) = postSolution
		SolutionGuid = {7C7D56A0-4446-4709-99C4-384D0ECB2C91}
	EndGlobalSection
EndGlobal
